
Microsoft Visual Studio Solution File, Format Version 12.00
# Visual Studio 15
VisualStudioVersion = 15.0.28307.779
MinimumVisualStudioVersion = 10.0.40219.1
Project("{FAE04EC0-301F-11D3-BF4B-00C04F79EFBC}") = "Orxe-Pizza", "Orxe-Pizza\Orxe-Pizza.csproj", "{20659E85-DBD6-4CC5-8F93-1BC7CA6C39F5}"
EndProject
Project("{FAE04EC0-301F-11D3-BF4B-00C04F79EFBC}") = "Orxe-Pizza.Tests", "Orxe-Pizza.Tests\Orxe-Pizza.Tests.csproj", "{4C740F20-D529-4581-9886-B0C5632F8B9C}"
EndProject
Global
	GlobalSection(SolutionConfigurationPlatforms) = preSolution
		Debug|Any CPU = Debug|Any CPU
		Release|Any CPU = Release|Any CPU
	EndGlobalSection
	GlobalSection(ProjectConfigurationPlatforms) = postSolution
		{20659E85-DBD6-4CC5-8F93-1BC7CA6C39F5}.Debug|Any CPU.ActiveCfg = Debug|Any CPU
		{20659E85-DBD6-4CC5-8F93-1BC7CA6C39F5}.Debug|Any CPU.Build.0 = Debug|Any CPU
		{20659E85-DBD6-4CC5-8F93-1BC7CA6C39F5}.Release|Any CPU.ActiveCfg = Release|Any CPU
		{20659E85-DBD6-4CC5-8F93-1BC7CA6C39F5}.Release|Any CPU.Build.0 = Release|Any CPU
		{4C740F20-D529-4581-9886-B0C5632F8B9C}.Debug|Any CPU.ActiveCfg = Debug|Any CPU
		{4C740F20-D529-4581-9886-B0C5632F8B9C}.Debug|Any CPU.Build.0 = Debug|Any CPU
		{4C740F20-D529-4581-9886-B0C5632F8B9C}.Release|Any CPU.ActiveCfg = Release|Any CPU
		{4C740F20-D529-4581-9886-B0C5632F8B9C}.Release|Any CPU.Build.0 = Release|Any CPU
	EndGlobalSection
	GlobalSection(SolutionProperties) = preSolution
		HideSolutionNode = FALSE
	EndGlobalSection
	GlobalSection(ExtensibilityGlobals) = postSolution
		SolutionGuid = {6C8E9FF9-4A76-4BF9-8531-B09CE1D6F8E5}
	EndGlobalSection
EndGlobal
